
Microsoft Visual Studio Solution File, Format Version 12.00
Project("{FAE04EC0-301F-11D3-BF4B-00C04F79EFBC}") = "Sender", "Sender\Sender.csproj", "{AA7E430D-AACB-41C1-89AA-1819C2433190}"
EndProject
Project("{FAE04EC0-301F-11D3-BF4B-00C04F79EFBC}") = "Reader", "Reader\Reader.csproj", "{8B208B4F-5213-4460-8CF5-AAB1775A4EBA}"
EndProject
Project("{FAE04EC0-301F-11D3-BF4B-00C04F79EFBC}") = "Shared", "Shared\Shared.csproj", "{4BBBDF4C-F814-46B6-A64A-7B17A80BE065}"
EndProject
Project("{FAE04EC0-301F-11D3-BF4B-00C04F79EFBC}") = "Estimator", "Estimator\Estimator.csproj", "{79F3D839-4CEA-4984-9149-EB9E68B94369}"
EndProject
Global
	GlobalSection(SolutionConfigurationPlatforms) = preSolution
		Debug|Any CPU = Debug|Any CPU
		Release|Any CPU = Release|Any CPU
	EndGlobalSection
	GlobalSection(ProjectConfigurationPlatforms) = postSolution
		{AA7E430D-AACB-41C1-89AA-1819C2433190}.Debug|Any CPU.ActiveCfg = Debug|Any CPU
		{AA7E430D-AACB-41C1-89AA-1819C2433190}.Debug|Any CPU.Build.0 = Debug|Any CPU
		{AA7E430D-AACB-41C1-89AA-1819C2433190}.Release|Any CPU.ActiveCfg = Release|Any CPU
		{AA7E430D-AACB-41C1-89AA-1819C2433190}.Release|Any CPU.Build.0 = Release|Any CPU
		{8B208B4F-5213-4460-8CF5-AAB1775A4EBA}.Debug|Any CPU.ActiveCfg = Debug|Any CPU
		{8B208B4F-5213-4460-8CF5-AAB1775A4EBA}.Debug|Any CPU.Build.0 = Debug|Any CPU
		{8B208B4F-5213-4460-8CF5-AAB1775A4EBA}.Release|Any CPU.ActiveCfg = Release|Any CPU
		{8B208B4F-5213-4460-8CF5-AAB1775A4EBA}.Release|Any CPU.Build.0 = Release|Any CPU
		{4BBBDF4C-F814-46B6-A64A-7B17A80BE065}.Debug|Any CPU.ActiveCfg = Debug|Any CPU
		{4BBBDF4C-F814-46B6-A64A-7B17A80BE065}.Debug|Any CPU.Build.0 = Debug|Any CPU
		{4BBBDF4C-F814-46B6-A64A-7B17A80BE065}.Release|Any CPU.ActiveCfg = Release|Any CPU
		{4BBBDF4C-F814-46B6-A64A-7B17A80BE065}.Release|Any CPU.Build.0 = Release|Any CPU
		{79F3D839-4CEA-4984-9149-EB9E68B94369}.Debug|Any CPU.ActiveCfg = Debug|Any CPU
		{79F3D839-4CEA-4984-9149-EB9E68B94369}.Debug|Any CPU.Build.0 = Debug|Any CPU
		{79F3D839-4CEA-4984-9149-EB9E68B94369}.Release|Any CPU.ActiveCfg = Release|Any CPU
		{79F3D839-4CEA-4984-9149-EB9E68B94369}.Release|Any CPU.Build.0 = Release|Any CPU
	EndGlobalSection
EndGlobal
